PODS:
  - FlutterMacOS (1.0.0)
  - media_kit_libs_macos_audio (1.0.4):
    - FlutterMacOS
  - package_info_plus (0.0.1):
    - FlutterMacOS
  - Sentry/HybridSDK (8.52.1)
  - sentry_flutter (9.3.0):
    - Flutter
    - FlutterMacOS
    - Sentry/HybridSDK (= 8.52.1)

DEPENDENCIES:
  - FlutterMacOS (from `Flutter/ephemeral`)
  - media_kit_libs_macos_audio (from `Flutter/ephemeral/.symlinks/plugins/media_kit_libs_macos_audio/macos`)
  - package_info_plus (from `Flutter/ephemeral/.symlinks/plugins/package_info_plus/macos`)
  - sentry_flutter (from `Flutter/ephemeral/.symlinks/plugins/sentry_flutter/macos`)

SPEC REPOS:
  trunk:
    - Sentry

EXTERNAL SOURCES:
  FlutterMacOS:
    :path: Flutter/ephemeral
  media_kit_libs_macos_audio:
    :path: Flutter/ephemeral/.symlinks/plugins/media_kit_libs_macos_audio/macos
  package_info_plus:
    :path: Flutter/ephemeral/.symlinks/plugins/package_info_plus/macos
  sentry_flutter:
    :path: Flutter/ephemeral/.symlinks/plugins/sentry_flutter/macos

SPEC CHECKSUMS:
  FlutterMacOS: 8f6f14fa908a6fb3fba0cd85dbd81ec4b251fb24
  media_kit_libs_macos_audio: 06f3cf88d6d89c7c3c87eae57689d1c6adb335b2
  package_info_plus: f0052d280d17aa382b932f399edf32507174e870
  Sentry: 2cbbe3592f30050c60e916c63c7f5a2fa584005e
  sentry_flutter: a89808603bda7694d4f617c347e44ae02faa42c8

PODFILE CHECKSUM: 236401fc2c932af29a9fcf0e97baeeb2d750d367

COCOAPODS: 1.16.2
